
Microsoft Visual Studio Solution File, Format Version 12.00
# Visual Studio Version 17
VisualStudioVersion = 17.5.33424.131
MinimumVisualStudioVersion = 10.0.40219.1
Project("{FAE04EC0-301F-11D3-BF4B-00C04F79EFBC}") = "DatabaseFinalProject", "DatabaseFinalProject\DatabaseFinalProject.csproj", "{83E6B7AC-C41C-457E-82A2-F42D46B69B81}"
EndProject
Global
	GlobalSection(SolutionConfigurationPlatforms) = preSolution
		Debug|Any CPU = Debug|Any CPU
		Release|Any CPU = Release|Any CPU
	EndGlobalSection
	GlobalSection(ProjectConfigurationPlatforms) = postSolution
		{83E6B7AC-C41C-457E-82A2-F42D46B69B81}.Debug|Any CPU.ActiveCfg = Debug|Any CPU
		{83E6B7AC-C41C-457E-82A2-F42D46B69B81}.Debug|Any CPU.Build.0 = Debug|Any CPU
		{83E6B7AC-C41C-457E-82A2-F42D46B69B81}.Release|Any CPU.ActiveCfg = Release|Any CPU
		{83E6B7AC-C41C-457E-82A2-F42D46B69B81}.Release|Any CPU.Build.0 = Release|Any CPU
	EndGlobalSection
	GlobalSection(SolutionProperties) = preSolution
		HideSolutionNode = FALSE
	EndGlobalSection
	GlobalSection(ExtensibilityGlobals) = postSolution
		SolutionGuid = {43F63823-2F80-44D5-9642-E47EB24CE82B}
	EndGlobalSection
EndGlobal
